// !$*UTF8*$!
{
	archiveVersion = 1;
	classes = {
	};
	objectVersion = 50;
	objects = {

/* Begin PBXBuildFile section */
		5BB04B3926EDA3C4006E92B1 /* Tests_iOS.swift in Sources */ = {isa = PBXBuildFile; fileRef = 5BB04B3826EDA3C4006E92B1 /* Tests_iOS.swift */; };
		5BB04B4426EDA3C4006E92B1 /* Tests_macOS.swift in Sources */ = {isa = PBXBuildFile; fileRef = 5BB04B4326EDA3C4006E92B1 /* Tests_macOS.swift */; };
		5BB04B4626EDA3C4006E92B1 /* AU_COVID_VerifierApp.swift in Sources */ = {isa = PBXBuildFile; fileRef = 5BB04B1D26EDA3C1006E92B1 /* AU_COVID_VerifierApp.swift */; };
		5BB04B4726EDA3C4006E92B1 /* AU_COVID_VerifierApp.swift in Sources */ = {isa = PBXBuildFile; fileRef = 5BB04B1D26EDA3C1006E92B1 /* AU_COVID_VerifierApp.swift */; };
		5BB04B4826EDA3C4006E92B1 /* ContentView.swift in Sources */ = {isa = PBXBuildFile; fileRef = 5BB04B1E26EDA3C1006E92B1 /* ContentView.swift */; };
		5BB04B4926EDA3C4006E92B1 /* ContentView.swift in Sources */ = {isa = PBXBuildFile; fileRef = 5BB04B1E26EDA3C1006E92B1 /* ContentView.swift */; };
		5BB04B4A26EDA3C4006E92B1 /* Assets.xcassets in Resources */ = {isa = PBXBuildFile; fileRef = 5BB04B1F26EDA3C4006E92B1 /* Assets.xcassets */; };
		5BB04B4B26EDA3C4006E92B1 /* Assets.xcassets in Resources */ = {isa = PBXBuildFile; fileRef = 5BB04B1F26EDA3C4006E92B1 /* Assets.xcassets */; };
		5BB04B6026F01197006E92B1 /* Members.swift in Sources */ = {isa = PBXBuildFile; fileRef = 5BB04B5F26F01197006E92B1 /* Members.swift */; };
		5BB04B6126F01197006E92B1 /* Members.swift in Sources */ = {isa = PBXBuildFile; fileRef = 5BB04B5F26F01197006E92B1 /* Members.swift */; };
		5BB04B6326F0CC5F006E92B1 /* CertView.swift in Sources */ = {isa = PBXBuildFile; fileRef = 5BB04B6226F0CC5F006E92B1 /* CertView.swift */; };
		5BB04B6426F0CC5F006E92B1 /* CertView.swift in Sources */ = {isa = PBXBuildFile; fileRef = 5BB04B6226F0CC5F006E92B1 /* CertView.swift */; };
		5BB04B6626F153CD006E92B1 /* VaccineData.swift in Sources */ = {isa = PBXBuildFile; fileRef = 5BB04B6526F153CD006E92B1 /* VaccineData.swift */; };
		5BB04B6726F153CD006E92B1 /* VaccineData.swift in Sources */ = {isa = PBXBuildFile; fileRef = 5BB04B6526F153CD006E92B1 /* VaccineData.swift */; };
		5BB04B6A26F1548D006E92B1 /* DataFetchers.swift in Sources */ = {isa = PBXBuildFile; fileRef = 5BB04B6926F1548D006E92B1 /* DataFetchers.swift */; };
		5BB04B6B26F1548D006E92B1 /* DataFetchers.swift in Sources */ = {isa = PBXBuildFile; fileRef = 5BB04B6926F1548D006E92B1 /* DataFetchers.swift */; };
		5BC7744526F1CF020069D3D7 /* LoginWebView.swift in Sources */ = {isa = PBXBuildFile; fileRef = 5BC7744426F1CF020069D3D7 /* LoginWebView.swift */; };
		5BF246F426F8BC2000C25855 /* PDFView.swift in Sources */ = {isa = PBXBuildFile; fileRef = 5BF246F326F8BC2000C25855 /* PDFView.swift */; };
		5BF246F526F8BC2000C25855 /* PDFView.swift in Sources */ = {isa = PBXBuildFile; fileRef = 5BF246F326F8BC2000C25855 /* PDFView.swift */; };
/* End PBXBuildFile section */

/* Begin PBXContainerItemProxy section */
		5BB04B3526EDA3C4006E92B1 /* PBXContainerItemProxy */ = {
			isa = PBXContainerItemProxy;
			containerPortal = 5BB04B1826EDA3C1006E92B1 /* Project object */;
			proxyType = 1;
			remoteGlobalIDString = 5BB04B2326EDA3C4006E92B1;
			remoteInfo = "AU COVID Verifier (iOS)";
		};
		5BB04B4026EDA3C4006E92B1 /* PBXContainerItemProxy */ = {
			isa = PBXContainerItemProxy;
			containerPortal = 5BB04B1826EDA3C1006E92B1 /* Project object */;
			proxyType = 1;
			remoteGlobalIDString = 5BB04B2B26EDA3C4006E92B1;
			remoteInfo = "AU COVID Verifier (macOS)";
		};
/* End PBXContainerItemProxy section */

/* Begin PBXFileReference section */
		5BB04B1D26EDA3C1006E92B1 /* AU_COVID_VerifierApp.swift */ = {isa = PBXFileReference; lastKnownFileType = sourcecode.swift; path = AU_COVID_VerifierApp.swift; sourceTree = "<group>"; };
		5BB04B1E26EDA3C1006E92B1 /* ContentView.swift */ = {isa = PBXFileReference; lastKnownFileType = sourcecode.swift; path = ContentView.swift; sourceTree = "<group>"; };
		5BB04B1F26EDA3C4006E92B1 /* Assets.xcassets */ = {isa = PBXFileReference; lastKnownFileType = folder.assetcatalog; path = Assets.xcassets; sourceTree = "<group>"; };
		5BB04B2426EDA3C4006E92B1 /* AU COVID Cert.app */ = {isa = PBXFileReference; explicitFileType = wrapper.application; includeInIndex = 0; path = "AU COVID Cert.app"; sourceTree = BUILT_PRODUCTS_DIR; };
		5BB04B2726EDA3C4006E92B1 /* Info.plist */ = {isa = PBXFileReference; lastKnownFileType = text.plist.xml; path = Info.plist; sourceTree = "<group>"; };
		5BB04B2C26EDA3C4006E92B1 /* AU COVID Cert.app */ = {isa = PBXFileReference; explicitFileType = wrapper.application; includeInIndex = 0; path = "AU COVID Cert.app"; sourceTree = BUILT_PRODUCTS_DIR; };
		5BB04B2E26EDA3C4006E92B1 /* Info.plist */ = {isa = PBXFileReference; lastKnownFileType = text.plist.xml; path = Info.plist; sourceTree = "<group>"; };
		5BB04B2F26EDA3C4006E92B1 /* macOS.entitlements */ = {isa = PBXFileReference; lastKnownFileType = text.plist.entitlements; path = macOS.entitlements; sourceTree = "<group>"; };
		5BB04B3426EDA3C4006E92B1 /* Tests iOS.xctest */ = {isa = PBXFileReference; explicitFileType = wrapper.cfbundle; includeInIndex = 0; path = "Tests iOS.xctest"; sourceTree = BUILT_PRODUCTS_DIR; };
		5BB04B3826EDA3C4006E92B1 /* Tests_iOS.swift */ = {isa = PBXFileReference; lastKnownFileType = sourcecode.swift; path = Tests_iOS.swift; sourceTree = "<group>"; };
		5BB04B3A26EDA3C4006E92B1 /* Info.plist */ = {isa = PBXFileReference; lastKnownFileType = text.plist.xml; path = Info.plist; sourceTree = "<group>"; };
		5BB04B3F26EDA3C4006E92B1 /* Tests macOS.xctest */ = {isa = PBXFileReference; explicitFileType = wrapper.cfbundle; includeInIndex = 0; path = "Tests macOS.xctest"; sourceTree = BUILT_PRODUCTS_DIR; };
		5BB04B4326EDA3C4006E92B1 /* Tests_macOS.swift */ = {isa = PBXFileReference; lastKnownFileType = sourcecode.swift; path = Tests_macOS.swift; sourceTree = "<group>"; };
		5BB04B4526EDA3C4006E92B1 /* Info.plist */ = {isa = PBXFileReference; lastKnownFileType = text.plist.xml; path = Info.plist; sourceTree = "<group>"; };
		5BB04B5F26F01197006E92B1 /* Members.swift */ = {isa = PBXFileReference; lastKnownFileType = sourcecode.swift; path = Members.swift; sourceTree = "<group>"; };
		5BB04B6226F0CC5F006E92B1 /* CertView.swift */ = {isa = PBXFileReference; lastKnownFileType = sourcecode.swift; path = CertView.swift; sourceTree = "<group>"; };
		5BB04B6526F153CD006E92B1 /* VaccineData.swift */ = {isa = PBXFileReference; lastKnownFileType = sourcecode.swift; path = VaccineData.swift; sourceTree = "<group>"; };
		5BB04B6926F1548D006E92B1 /* DataFetchers.swift */ = {isa = PBXFileReference; lastKnownFileType = sourcecode.swift; path = DataFetchers.swift; sourceTree = "<group>"; };
		5BC7744426F1CF020069D3D7 /* LoginWebView.swift */ = {isa = PBXFileReference; lastKnownFileType = sourcecode.swift; path = LoginWebView.swift; sourceTree = "<group>"; };
		5BC7744626F1D62B0069D3D7 /* AU COVID Cert.entitlements */ = {isa = PBXFileReference; lastKnownFileType = text.plist.entitlements; path = "AU COVID Cert.entitlements"; sourceTree = "<group>"; };
		5BC7744726F1D87F0069D3D7 /* README.md */ = {isa = PBXFileReference; lastKnownFileType = net.daringfireball.markdown; path = README.md; sourceTree = "<group>"; };
		5BF246F326F8BC2000C25855 /* PDFView.swift */ = {isa = PBXFileReference; lastKnownFileType = sourcecode.swift; path = PDFView.swift; sourceTree = "<group>"; };
/* End PBXFileReference section */

/* Begin PBXFrameworksBuildPhase section */
		5BB04B2126EDA3C4006E92B1 /* Frameworks */ = {
			isa = PBXFrameworksBuildPhase;
			buildActionMask = 2147483647;
			files = (
			);
			runOnlyForDeploymentPostprocessing = 0;
		};
		5BB04B2926EDA3C4006E92B1 /* Frameworks */ = {
			isa = PBXFrameworksBuildPhase;
			buildActionMask = 2147483647;
			files = (
			);
			runOnlyForDeploymentPostprocessing = 0;
		};
		5BB04B3126EDA3C4006E92B1 /* Frameworks */ = {
			isa = PBXFrameworksBuildPhase;
			buildActionMask = 2147483647;
			files = (
			);
			runOnlyForDeploymentPostprocessing = 0;
		};
		5BB04B3C26EDA3C4006E92B1 /* Frameworks */ = {
			isa = PBXFrameworksBuildPhase;
			buildActionMask = 2147483647;
			files = (
			);
			runOnlyForDeploymentPostprocessing = 0;
		};
/* End PBXFrameworksBuildPhase section */

/* Begin PBXGroup section */
		5BB04B1726EDA3C1006E92B1 = {
			isa = PBXGroup;
			children = (
				5BC7744726F1D87F0069D3D7 /* README.md */,
				5BC7744626F1D62B0069D3D7 /* AU COVID Cert.entitlements */,
				5BB04B1C26EDA3C1006E92B1 /* Shared */,
				5BB04B2626EDA3C4006E92B1 /* iOS */,
				5BB04B2D26EDA3C4006E92B1 /* macOS */,
				5BB04B3726EDA3C4006E92B1 /* Tests iOS */,
				5BB04B4226EDA3C4006E92B1 /* Tests macOS */,
				5BB04B2526EDA3C4006E92B1 /* Products */,
			);
			sourceTree = "<group>";
		};
		5BB04B1C26EDA3C1006E92B1 /* Shared */ = {
			isa = PBXGroup;
			children = (
				5BC7744326F1CEF00069D3D7 /* UIComponents */,
				5BB04B6826F15466006E92B1 /* Service */,
				5BB04B5E26F0117E006E92B1 /* Models */,
				5BB04B5D26F01160006E92B1 /* Views */,
				5BB04B1D26EDA3C1006E92B1 /* AU_COVID_VerifierApp.swift */,
				5BB04B1F26EDA3C4006E92B1 /* Assets.xcassets */,
			);
			path = Shared;
			sourceTree = "<group>";
		};
		5BB04B2526EDA3C4006E92B1 /* Products */ = {
			isa = PBXGroup;
			children = (
				5BB04B2426EDA3C4006E92B1 /* AU COVID Cert.app */,
				5BB04B2C26EDA3C4006E92B1 /* AU COVID Cert.app */,
				5BB04B3426EDA3C4006E92B1 /* Tests iOS.xctest */,
				5BB04B3F26EDA3C4006E92B1 /* Tests macOS.xctest */,
			);
			name = Products;
			sourceTree = "<group>";
		};
		5BB04B2626EDA3C4006E92B1 /* iOS */ = {
			isa = PBXGroup;
			children = (
				5BB04B2726EDA3C4006E92B1 /* Info.plist */,
			);
			path = iOS;
			sourceTree = "<group>";
		};
		5BB04B2D26EDA3C4006E92B1 /* macOS */ = {
			isa = PBXGroup;
			children = (
				5BB04B2E26EDA3C4006E92B1 /* Info.plist */,
				5BB04B2F26EDA3C4006E92B1 /* macOS.entitlements */,
			);
			path = macOS;
			sourceTree = "<group>";
		};
		5BB04B3726EDA3C4006E92B1 /* Tests iOS */ = {
			isa = PBXGroup;
			children = (
				5BB04B3826EDA3C4006E92B1 /* Tests_iOS.swift */,
				5BB04B3A26EDA3C4006E92B1 /* Info.plist */,
			);
			path = "Tests iOS";
			sourceTree = "<group>";
		};
		5BB04B4226EDA3C4006E92B1 /* Tests macOS */ = {
			isa = PBXGroup;
			children = (
				5BB04B4326EDA3C4006E92B1 /* Tests_macOS.swift */,
				5BB04B4526EDA3C4006E92B1 /* Info.plist */,
			);
			path = "Tests macOS";
			sourceTree = "<group>";
		};
		5BB04B5D26F01160006E92B1 /* Views */ = {
			isa = PBXGroup;
			children = (
				5BB04B1E26EDA3C1006E92B1 /* ContentView.swift */,
				5BB04B6226F0CC5F006E92B1 /* CertView.swift */,
				5BF246F326F8BC2000C25855 /* PDFView.swift */,
			);
			path = Views;
			sourceTree = "<group>";
		};
		5BB04B5E26F0117E006E92B1 /* Models */ = {
			isa = PBXGroup;
			children = (
				5BB04B5F26F01197006E92B1 /* Members.swift */,
				5BB04B6526F153CD006E92B1 /* VaccineData.swift */,
			);
			path = Models;
			sourceTree = "<group>";
		};
		5BB04B6826F15466006E92B1 /* Service */ = {
			isa = PBXGroup;
			children = (
				5BB04B6926F1548D006E92B1 /* DataFetchers.swift */,
			);
			path = Service;
			sourceTree = "<group>";
		};
		5BC7744326F1CEF00069D3D7 /* UIComponents */ = {
			isa = PBXGroup;
			children = (
				5BC7744426F1CF020069D3D7 /* LoginWebView.swift */,
			);
			path = UIComponents;
			sourceTree = "<group>";
		};
/* End PBXGroup section */

/* Begin PBXNativeTarget section */
		5BB04B2326EDA3C4006E92B1 /* AU COVID Cert (iOS) */ = {
			isa = PBXNativeTarget;
			buildConfigurationList = 5BB04B4E26EDA3C4006E92B1 /* Build configuration list for PBXNativeTarget "AU COVID Cert (iOS)" */;
			buildPhases = (
				5BB04B2026EDA3C4006E92B1 /* Sources */,
				5BB04B2126EDA3C4006E92B1 /* Frameworks */,
				5BB04B2226EDA3C4006E92B1 /* Resources */,
			);
			buildRules = (
			);
			dependencies = (
			);
			name = "AU COVID Cert (iOS)";
			productName = "AU COVID Verifier (iOS)";
			productReference = 5BB04B2426EDA3C4006E92B1 /* AU COVID Cert.app */;
			productType = "com.apple.product-type.application";
		};
		5BB04B2B26EDA3C4006E92B1 /* AU COVID Cert (macOS) */ = {
			isa = PBXNativeTarget;
			buildConfigurationList = 5BB04B5126EDA3C4006E92B1 /* Build configuration list for PBXNativeTarget "AU COVID Cert (macOS)" */;
			buildPhases = (
				5BB04B2826EDA3C4006E92B1 /* Sources */,
				5BB04B2926EDA3C4006E92B1 /* Frameworks */,
				5BB04B2A26EDA3C4006E92B1 /* Resources */,
			);
			buildRules = (
			);
			dependencies = (
			);
			name = "AU COVID Cert (macOS)";
			productName = "AU COVID Verifier (macOS)";
			productReference = 5BB04B2C26EDA3C4006E92B1 /* AU COVID Cert.app */;
			productType = "com.apple.product-type.application";
		};
		5BB04B3326EDA3C4006E92B1 /* Tests iOS */ = {
			isa = PBXNativeTarget;
			buildConfigurationList = 5BB04B5426EDA3C4006E92B1 /* Build configuration list for PBXNativeTarget "Tests iOS" */;
			buildPhases = (
				5BB04B3026EDA3C4006E92B1 /* Sources */,
				5BB04B3126EDA3C4006E92B1 /* Frameworks */,
				5BB04B3226EDA3C4006E92B1 /* Resources */,
			);
			buildRules = (
			);
			dependencies = (
				5BB04B3626EDA3C4006E92B1 /* PBXTargetDependency */,
			);
			name = "Tests iOS";
			productName = "Tests iOS";
			productReference = 5BB04B3426EDA3C4006E92B1 /* Tests iOS.xctest */;
			productType = "com.apple.product-type.bundle.ui-testing";
		};
		5BB04B3E26EDA3C4006E92B1 /* Tests macOS */ = {
			isa = PBXNativeTarget;
			buildConfigurationList = 5BB04B5726EDA3C4006E92B1 /* Build configuration list for PBXNativeTarget "Tests macOS" */;
			buildPhases = (
				5BB04B3B26EDA3C4006E92B1 /* Sources */,
				5BB04B3C26EDA3C4006E92B1 /* Frameworks */,
				5BB04B3D26EDA3C4006E92B1 /* Resources */,
			);
			buildRules = (
			);
			dependencies = (
				5BB04B4126EDA3C4006E92B1 /* PBXTargetDependency */,
			);
			name = "Tests macOS";
			productName = "Tests macOS";
			productReference = 5BB04B3F26EDA3C4006E92B1 /* Tests macOS.xctest */;
			productType = "com.apple.product-type.bundle.ui-testing";
		};
/* End PBXNativeTarget section */

/* Begin PBXProject section */
		5BB04B1826EDA3C1006E92B1 /* Project object */ = {
			isa = PBXProject;
			attributes = {
				LastSwiftUpdateCheck = 1250;
				LastUpgradeCheck = 1250;
				TargetAttributes = {
					5BB04B2326EDA3C4006E92B1 = {
						CreatedOnToolsVersion = 12.5.1;
					};
					5BB04B2B26EDA3C4006E92B1 = {
						CreatedOnToolsVersion = 12.5.1;
					};
					5BB04B3326EDA3C4006E92B1 = {
						CreatedOnToolsVersion = 12.5.1;
						TestTargetID = 5BB04B2326EDA3C4006E92B1;
					};
					5BB04B3E26EDA3C4006E92B1 = {
						CreatedOnToolsVersion = 12.5.1;
						TestTargetID = 5BB04B2B26EDA3C4006E92B1;
					};
				};
			};
			buildConfigurationList = 5BB04B1B26EDA3C1006E92B1 /* Build configuration list for PBXProject "AU COVID Cert" */;
			compatibilityVersion = "Xcode 9.3";
			developmentRegion = en;
			hasScannedForEncodings = 0;
			knownRegions = (
				en,
				Base,
			);
			mainGroup = 5BB04B1726EDA3C1006E92B1;
			productRefGroup = 5BB04B2526EDA3C4006E92B1 /* Products */;
			projectDirPath = "";
			projectRoot = "";
			targets = (
				5BB04B2326EDA3C4006E92B1 /* AU COVID Cert (iOS) */,
				5BB04B2B26EDA3C4006E92B1 /* AU COVID Cert (macOS) */,
				5BB04B3326EDA3C4006E92B1 /* Tests iOS */,
				5BB04B3E26EDA3C4006E92B1 /* Tests macOS */,
			);
		};
/* End PBXProject section */

/* Begin PBXResourcesBuildPhase section */
		5BB04B2226EDA3C4006E92B1 /* Resources */ = {
			isa = PBXResourcesBuildPhase;
			buildActionMask = 2147483647;
			files = (
				5BB04B4A26EDA3C4006E92B1 /* Assets.xcassets in Resources */,
			);
			runOnlyForDeploymentPostprocessing = 0;
		};
		5BB04B2A26EDA3C4006E92B1 /* Resources */ = {
			isa = PBXResourcesBuildPhase;
			buildActionMask = 2147483647;
			files = (
				5BB04B4B26EDA3C4006E92B1 /* Assets.xcassets in Resources */,
			);
			runOnlyForDeploymentPostprocessing = 0;
		};
		5BB04B3226EDA3C4006E92B1 /* Resources */ = {
			isa = PBXResourcesBuildPhase;
			buildActionMask = 2147483647;
			files = (
			);
			runOnlyForDeploymentPostprocessing = 0;
		};
		5BB04B3D26EDA3C4006E92B1 /* Resources */ = {
			isa = PBXResourcesBuildPhase;
			buildActionMask = 2147483647;
			files = (
			);
			runOnlyForDeploymentPostprocessing = 0;
		};
/* End PBXResourcesBuildPhase section */

/* Begin PBXSourcesBuildPhase section */
		5BB04B2026EDA3C4006E92B1 /* Sources */ = {
			isa = PBXSourcesBuildPhase;
			buildActionMask = 2147483647;
			files = (
				5BB04B6626F153CD006E92B1 /* VaccineData.swift in Sources */,
				5BC7744526F1CF020069D3D7 /* LoginWebView.swift in Sources */,
				5BB04B6A26F1548D006E92B1 /* DataFetchers.swift in Sources */,
				5BB04B4826EDA3C4006E92B1 /* ContentView.swift in Sources */,
				5BB04B4626EDA3C4006E92B1 /* AU_COVID_VerifierApp.swift in Sources */,
				5BF246F426F8BC2000C25855 /* PDFView.swift in Sources */,
				5BB04B6326F0CC5F006E92B1 /* CertView.swift in Sources */,
				5BB04B6026F01197006E92B1 /* Members.swift in Sources */,
			);
			runOnlyForDeploymentPostprocessing = 0;
		};
		5BB04B2826EDA3C4006E92B1 /* Sources */ = {
			isa = PBXSourcesBuildPhase;
			buildActionMask = 2147483647;
			files = (
				5BF246F526F8BC2000C25855 /* PDFView.swift in Sources */,
				5BB04B6726F153CD006E92B1 /* VaccineData.swift in Sources */,
				5BB04B6B26F1548D006E92B1 /* DataFetchers.swift in Sources */,
				5BB04B4926EDA3C4006E92B1 /* ContentView.swift in Sources */,
				5BB04B4726EDA3C4006E92B1 /* AU_COVID_VerifierApp.swift in Sources */,
				5BB04B6426F0CC5F006E92B1 /* CertView.swift in Sources */,
				5BB04B6126F01197006E92B1 /* Members.swift in Sources */,
			);
			runOnlyForDeploymentPostprocessing = 0;
		};
		5BB04B3026EDA3C4006E92B1 /* Sources */ = {
			isa = PBXSourcesBuildPhase;
			buildActionMask = 2147483647;
			files = (
				5BB04B3926EDA3C4006E92B1 /* Tests_iOS.swift in Sources */,
			);
			runOnlyForDeploymentPostprocessing = 0;
		};
		5BB04B3B26EDA3C4006E92B1 /* Sources */ = {
			isa = PBXSourcesBuildPhase;
			buildActionMask = 2147483647;
			files = (
				5BB04B4426EDA3C4006E92B1 /* Tests_macOS.swift in Sources */,
			);
			runOnlyForDeploymentPostprocessing = 0;
		};
/* End PBXSourcesBuildPhase section */

/* Begin PBXTargetDependency section */
		5BB04B3626EDA3C4006E92B1 /* PBXTargetDependency */ = {
			isa = PBXTargetDependency;
			target = 5BB04B2326EDA3C4006E92B1 /* AU COVID Cert (iOS) */;
			targetProxy = 5BB04B3526EDA3C4006E92B1 /* PBXContainerItemProxy */;
		};
		5BB04B4126EDA3C4006E92B1 /* PBXTargetDependency */ = {
			isa = PBXTargetDependency;
			target = 5BB04B2B26EDA3C4006E92B1 /* AU COVID Cert (macOS) */;
			targetProxy = 5BB04B4026EDA3C4006E92B1 /* PBXContainerItemProxy */;
		};
/* End PBXTargetDependency section */

/* Begin XCBuildConfiguration section */
		5BB04B4C26EDA3C4006E92B1 /* Debug */ = {
			isa = XCBuildConfiguration;
			buildSettings = {
				ALWAYS_SEARCH_USER_PATHS = NO;
				CLANG_ANALYZER_NONNULL = YES;
				CLANG_ANALYZER_NUMBER_OBJECT_CONVERSION = YES_AGGRESSIVE;
				CLANG_CXX_LANGUAGE_STANDARD = "gnu++14";
				CLANG_CXX_LIBRARY = "libc++";
				CLANG_ENABLE_MODULES = YES;
				CLANG_ENABLE_OBJC_ARC = YES;
				CLANG_ENABLE_OBJC_WEAK = YES;
				CLANG_WARN_BLOCK_CAPTURE_AUTORELEASING = YES;
				CLANG_WARN_BOOL_CONVERSION = YES;
				CLANG_WARN_COMMA = YES;
				CLANG_WARN_CONSTANT_CONVERSION = YES;
				CLANG_WARN_DEPRECATED_OBJC_IMPLEMENTATIONS = YES;
				CLANG_WARN_DIRECT_OBJC_ISA_USAGE = YES_ERROR;
				CLANG_WARN_DOCUMENTATION_COMMENTS = YES;
				CLANG_WARN_EMPTY_BODY = YES;
				CLANG_WARN_ENUM_CONVERSION = YES;
				CLANG_WARN_INFINITE_RECURSION = YES;
				CLANG_WARN_INT_CONVERSION = YES;
				CLANG_WARN_NON_LITERAL_NULL_CONVERSION = YES;
				CLANG_WARN_OBJC_IMPLICIT_RETAIN_SELF = YES;
				CLANG_WARN_OBJC_LITERAL_CONVERSION = YES;
				CLANG_WARN_OBJC_ROOT_CLASS = YES_ERROR;
				CLANG_WARN_QUOTED_INCLUDE_IN_FRAMEWORK_HEADER = YES;
				CLANG_WARN_RANGE_LOOP_ANALYSIS = YES;
				CLANG_WARN_STRICT_PROTOTYPES = YES;
				CLANG_WARN_SUSPICIOUS_MOVE = YES;
				CLANG_WARN_UNGUARDED_AVAILABILITY = YES_AGGRESSIVE;
				CLANG_WARN_UNREACHABLE_CODE = YES;
				CLANG_WARN__DUPLICATE_METHOD_MATCH = YES;
				COPY_PHASE_STRIP = NO;
				DEBUG_INFORMATION_FORMAT = dwarf;
				ENABLE_STRICT_OBJC_MSGSEND = YES;
				ENABLE_TESTABILITY = YES;
				GCC_C_LANGUAGE_STANDARD = gnu11;
				GCC_DYNAMIC_NO_PIC = NO;
				GCC_NO_COMMON_BLOCKS = YES;
				GCC_OPTIMIZATION_LEVEL = 0;
				GCC_PREPROCESSOR_DEFINITIONS = (
					"DEBUG=1",
					"$(inherited)",
				);
				GCC_WARN_64_TO_32_BIT_CONVERSION = YES;
				GCC_WARN_ABOUT_RETURN_TYPE = YES_ERROR;
				GCC_WARN_UNDECLARED_SELECTOR = YES;
				GCC_WARN_UNINITIALIZED_AUTOS = YES_AGGRESSIVE;
				GCC_WARN_UNUSED_FUNCTION = YES;
				GCC_WARN_UNUSED_VARIABLE = YES;
				MTL_ENABLE_DEBUG_INFO = INCLUDE_SOURCE;
				MTL_FAST_MATH = YES;
				ONLY_ACTIVE_ARCH = YES;
				SWIFT_ACTIVE_COMPILATION_CONDITIONS = DEBUG;
				SWIFT_OPTIMIZATION_LEVEL = "-Onone";
			};
			name = Debug;
		};
		5BB04B4D26EDA3C4006E92B1 /* Release */ = {
			isa = XCBuildConfiguration;
			buildSettings = {
				ALWAYS_SEARCH_USER_PATHS = NO;
				CLANG_ANALYZER_NONNULL = YES;
				CLANG_ANALYZER_NUMBER_OBJECT_CONVERSION = YES_AGGRESSIVE;
				CLANG_CXX_LANGUAGE_STANDARD = "gnu++14";
				CLANG_CXX_LIBRARY = "libc++";
				CLANG_ENABLE_MODULES = YES;
				CLANG_ENABLE_OBJC_ARC = YES;
				CLANG_ENABLE_OBJC_WEAK = YES;
				CLANG_WARN_BLOCK_CAPTURE_AUTORELEASING = YES;
				CLANG_WARN_BOOL_CONVERSION = YES;
				CLANG_WARN_COMMA = YES;
				CLANG_WARN_CONSTANT_CONVERSION = YES;
				CLANG_WARN_DEPRECATED_OBJC_IMPLEMENTATIONS = YES;
				CLANG_WARN_DIRECT_OBJC_ISA_USAGE = YES_ERROR;
				CLANG_WARN_DOCUMENTATION_COMMENTS = YES;
				CLANG_WARN_EMPTY_BODY = YES;
				CLANG_WARN_ENUM_CONVERSION = YES;
				CLANG_WARN_INFINITE_RECURSION = YES;
				CLANG_WARN_INT_CONVERSION = YES;
				CLANG_WARN_NON_LITERAL_NULL_CONVERSION = YES;
				CLANG_WARN_OBJC_IMPLICIT_RETAIN_SELF = YES;
				CLANG_WARN_OBJC_LITERAL_CONVERSION = YES;
				CLANG_WARN_OBJC_ROOT_CLASS = YES_ERROR;
				CLANG_WARN_QUOTED_INCLUDE_IN_FRAMEWORK_HEADER = YES;
				CLANG_WARN_RANGE_LOOP_ANALYSIS = YES;
				CLANG_WARN_STRICT_PROTOTYPES = YES;
				CLANG_WARN_SUSPICIOUS_MOVE = YES;
				CLANG_WARN_UNGUARDED_AVAILABILITY = YES_AGGRESSIVE;
				CLANG_WARN_UNREACHABLE_CODE = YES;
				CLANG_WARN__DUPLICATE_METHOD_MATCH = YES;
				COPY_PHASE_STRIP = NO;
				DEBUG_INFORMATION_FORMAT = "dwarf-with-dsym";
				ENABLE_NS_ASSERTIONS = NO;
				ENABLE_STRICT_OBJC_MSGSEND = YES;
				GCC_C_LANGUAGE_STANDARD = gnu11;
				GCC_NO_COMMON_BLOCKS = YES;
				GCC_WARN_64_TO_32_BIT_CONVERSION = YES;
				GCC_WARN_ABOUT_RETURN_TYPE = YES_ERROR;
				GCC_WARN_UNDECLARED_SELECTOR = YES;
				GCC_WARN_UNINITIALIZED_AUTOS = YES_AGGRESSIVE;
				GCC_WARN_UNUSED_FUNCTION = YES;
				GCC_WARN_UNUSED_VARIABLE = YES;
				MTL_ENABLE_DEBUG_INFO = NO;
				MTL_FAST_MATH = YES;
				SWIFT_COMPILATION_MODE = wholemodule;
				SWIFT_OPTIMIZATION_LEVEL = "-O";
			};
			name = Release;
		};
		5BB04B4F26EDA3C4006E92B1 /* Debug */ = {
			isa = XCBuildConfiguration;
			buildSettings = {
				ASSETCATALOG_COMPILER_APPICON_NAME = AppIcon;
				ASSETCATALOG_COMPILER_GLOBAL_ACCENT_COLOR_NAME = AccentColor;
				CODE_SIGN_ENTITLEMENTS = "AU COVID Cert.entitlements";
				CODE_SIGN_STYLE = Automatic;
				DEVELOPMENT_TEAM = 7VLX4VPK4N;
				ENABLE_PREVIEWS = YES;
				INFOPLIST_FILE = iOS/Info.plist;
				IPHONEOS_DEPLOYMENT_TARGET = 14.0;
				LD_RUNPATH_SEARCH_PATHS = (
					"$(inherited)",
					"@executable_path/Frameworks",
				);
				PRODUCT_BUNDLE_IDENTIFIER = "net.whatsbeef.AU-COVID-Verifier";
				PRODUCT_NAME = "AU COVID Cert";
				SDKROOT = iphoneos;
				SUPPORTS_MACCATALYST = YES;
				SWIFT_VERSION = 5.0;
				TARGETED_DEVICE_FAMILY = "1,2,6";
			};
			name = Debug;
		};
		5BB04B5026EDA3C4006E92B1 /* Release */ = {
			isa = XCBuildConfiguration;
			buildSettings = {
				ASSETCATALOG_COMPILER_APPICON_NAME = AppIcon;
				ASSETCATALOG_COMPILER_GLOBAL_ACCENT_COLOR_NAME = AccentColor;
				CODE_SIGN_ENTITLEMENTS = "AU COVID Cert.entitlements";
				CODE_SIGN_STYLE = Automatic;
				DEVELOPMENT_TEAM = 7VLX4VPK4N;
				ENABLE_PREVIEWS = YES;
				INFOPLIST_FILE = iOS/Info.plist;
				IPHONEOS_DEPLOYMENT_TARGET = 14.0;
				LD_RUNPATH_SEARCH_PATHS = (
					"$(inherited)",
					"@executable_path/Frameworks",
				);
				PRODUCT_BUNDLE_IDENTIFIER = "net.whatsbeef.AU-COVID-Verifier";
				PRODUCT_NAME = "AU COVID Cert";
				SDKROOT = iphoneos;
				SUPPORTS_MACCATALYST = YES;
				SWIFT_VERSION = 5.0;
				TARGETED_DEVICE_FAMILY = "1,2,6";
				VALIDATE_PRODUCT = YES;
			};
			name = Release;
		};
		5BB04B5226EDA3C4006E92B1 /* Debug */ = {
			isa = XCBuildConfiguration;
			buildSettings = {
				ASSETCATALOG_COMPILER_APPICON_NAME = AppIcon;
				ASSETCATALOG_COMPILER_GLOBAL_ACCENT_COLOR_NAME = AccentColor;
				CODE_SIGN_ENTITLEMENTS = macOS/macOS.entitlements;
				CODE_SIGN_STYLE = Automatic;
				COMBINE_HIDPI_IMAGES = YES;
				DEVELOPMENT_TEAM = 7VLX4VPK4N;
				ENABLE_HARDENED_RUNTIME = YES;
				ENABLE_PREVIEWS = YES;
				INFOPLIST_FILE = macOS/Info.plist;
				LD_RUNPATH_SEARCH_PATHS = (
					"$(inherited)",
					"@executable_path/../Frameworks",
				);
				MACOSX_DEPLOYMENT_TARGET = 11.0;
				PRODUCT_BUNDLE_IDENTIFIER = "net.whatsbeef.AU-COVID-Verifier";
				PRODUCT_NAME = "AU COVID Cert";
				SDKROOT = macosx;
				SWIFT_VERSION = 5.0;
			};
			name = Debug;
		};
		5BB04B5326EDA3C4006E92B1 /* Release */ = {
			isa = XCBuildConfiguration;
			buildSettings = {
				ASSETCATALOG_COMPILER_APPICON_NAME = AppIcon;
				ASSETCATALOG_COMPILER_GLOBAL_ACCENT_COLOR_NAME = AccentColor;
				CODE_SIGN_ENTITLEMENTS = macOS/macOS.entitlements;
				CODE_SIGN_STYLE = Automatic;
				COMBINE_HIDPI_IMAGES = YES;
				DEVELOPMENT_TEAM = 7VLX4VPK4N;
				ENABLE_HARDENED_RUNTIME = YES;
				ENABLE_PREVIEWS = YES;
				INFOPLIST_FILE = macOS/Info.plist;
				LD_RUNPATH_SEARCH_PATHS = (
					"$(inherited)",
					"@executable_path/../Frameworks",
				);
				MACOSX_DEPLOYMENT_TARGET = 11.0;
				PRODUCT_BUNDLE_IDENTIFIER = "net.whatsbeef.AU-COVID-Verifier";
				PRODUCT_NAME = "AU COVID Cert";
				SDKROOT = macosx;
				SWIFT_VERSION = 5.0;
			};
			name = Release;
		};
		5BB04B5526EDA3C4006E92B1 /* Debug */ = {
			isa = XCBuildConfiguration;
			buildSettings = {
				ALWAYS_EMBED_SWIFT_STANDARD_LIBRARIES = YES;
				CODE_SIGN_STYLE = Automatic;
				DEVELOPMENT_TEAM = 7VLX4VPK4N;
				INFOPLIST_FILE = "Tests iOS/Info.plist";
				IPHONEOS_DEPLOYMENT_TARGET = 14.5;
				LD_RUNPATH_SEARCH_PATHS = (
					"$(inherited)",
					"@executable_path/Frameworks",
					"@loader_path/Frameworks",
				);
				PRODUCT_BUNDLE_IDENTIFIER = "net.whatsbeef.Tests-iOS";
				PRODUCT_NAME = "$(TARGET_NAME)";
				SDKROOT = iphoneos;
				SWIFT_VERSION = 5.0;
				TARGETED_DEVICE_FAMILY = "1,2";
				TEST_TARGET_NAME = "AU COVID Verifier (iOS)";
			};
			name = Debug;
		};
		5BB04B5626EDA3C4006E92B1 /* Release */ = {
			isa = XCBuildConfiguration;
			buildSettings = {
				ALWAYS_EMBED_SWIFT_STANDARD_LIBRARIES = YES;
				CODE_SIGN_STYLE = Automatic;
				DEVELOPMENT_TEAM = 7VLX4VPK4N;
				INFOPLIST_FILE = "Tests iOS/Info.plist";
				IPHONEOS_DEPLOYMENT_TARGET = 14.5;
				LD_RUNPATH_SEARCH_PATHS = (
					"$(inherited)",
					"@executable_path/Frameworks",
					"@loader_path/Frameworks",
				);
				PRODUCT_BUNDLE_IDENTIFIER = "net.whatsbeef.Tests-iOS";
				PRODUCT_NAME = "$(TARGET_NAME)";
				SDKROOT = iphoneos;
				SWIFT_VERSION = 5.0;
				TARGETED_DEVICE_FAMILY = "1,2";
				TEST_TARGET_NAME = "AU COVID Verifier (iOS)";
				VALIDATE_PRODUCT = YES;
			};
			name = Release;
		};
		5BB04B5826EDA3C4006E92B1 /* Debug */ = {
			isa = XCBuildConfiguration;
			buildSettings = {
				ALWAYS_EMBED_SWIFT_STANDARD_LIBRARIES = YES;
				CODE_SIGN_STYLE = Automatic;
				COMBINE_HIDPI_IMAGES = YES;
				DEVELOPMENT_TEAM = 7VLX4VPK4N;
				INFOPLIST_FILE = "Tests macOS/Info.plist";
				LD_RUNPATH_SEARCH_PATHS = (
					"$(inherited)",
					"@executable_path/../Frameworks",
					"@loader_path/../Frameworks",
				);
				MACOSX_DEPLOYMENT_TARGET = 11.3;
				PRODUCT_BUNDLE_IDENTIFIER = "net.whatsbeef.Tests-macOS";
				PRODUCT_NAME = "$(TARGET_NAME)";
				SDKROOT = macosx;
				SWIFT_VERSION = 5.0;
				TEST_TARGET_NAME = "AU COVID Verifier (macOS)";
			};
			name = Debug;
		};
		5BB04B5926EDA3C4006E92B1 /* Release */ = {
			isa = XCBuildConfiguration;
			buildSettings = {
				ALWAYS_EMBED_SWIFT_STANDARD_LIBRARIES = YES;
				CODE_SIGN_STYLE = Automatic;
				COMBINE_HIDPI_IMAGES = YES;
				DEVELOPMENT_TEAM = 7VLX4VPK4N;
				INFOPLIST_FILE = "Tests macOS/Info.plist";
				LD_RUNPATH_SEARCH_PATHS = (
					"$(inherited)",
					"@executable_path/../Frameworks",
					"@loader_path/../Frameworks",
				);
				MACOSX_DEPLOYMENT_TARGET = 11.3;
				PRODUCT_BUNDLE_IDENTIFIER = "net.whatsbeef.Tests-macOS";
				PRODUCT_NAME = "$(TARGET_NAME)";
				SDKROOT = macosx;
				SWIFT_VERSION = 5.0;
				TEST_TARGET_NAME = "AU COVID Verifier (macOS)";
			};
			name = Release;
		};
/* End XCBuildConfiguration section */

/* Begin XCConfigurationList section */
		5BB04B1B26EDA3C1006E92B1 /* Build configuration list for PBXProject "AU COVID Cert" */ = {
			isa = XCConfigurationList;
			buildConfigurations = (
				5BB04B4C26EDA3C4006E92B1 /* Debug */,
				5BB04B4D26EDA3C4006E92B1 /* Release */,
			);
			defaultConfigurationIsVisible = 0;
			defaultConfigurationName = Release;
		};
		5BB04B4E26EDA3C4006E92B1 /* Build configuration list for PBXNativeTarget "AU COVID Cert (iOS)" */ = {
			isa = XCConfigurationList;
			buildConfigurations = (
				5BB04B4F26EDA3C4006E92B1 /* Debug */,
				5BB04B5026EDA3C4006E92B1 /* Release */,
			);
			defaultConfigurationIsVisible = 0;
			defaultConfigurationName = Release;
		};
		5BB04B5126EDA3C4006E92B1 /* Build configuration list for PBXNativeTarget "AU COVID Cert (macOS)" */ = {
			isa = XCConfigurationList;
			buildConfigurations = (
				5BB04B5226EDA3C4006E92B1 /* Debug */,
				5BB04B5326EDA3C4006E92B1 /* Release */,
			);
			defaultConfigurationIsVisible = 0;
			defaultConfigurationName = Release;
		};
		5BB04B5426EDA3C4006E92B1 /* Build configuration list for PBXNativeTarget "Tests iOS" */ = {
			isa = XCConfigurationList;
			buildConfigurations = (
				5BB04B5526EDA3C4006E92B1 /* Debug */,
				5BB04B5626EDA3C4006E92B1 /* Release */,
			);
			defaultConfigurationIsVisible = 0;
			defaultConfigurationName = Release;
		};
		5BB04B5726EDA3C4006E92B1 /* Build configuration list for PBXNativeTarget "Tests macOS" */ = {
			isa = XCConfigurationList;
			buildConfigurations = (
				5BB04B5826EDA3C4006E92B1 /* Debug */,
				5BB04B5926EDA3C4006E92B1 /* Release */,
			);
			defaultConfigurationIsVisible = 0;
			defaultConfigurationName = Release;
		};
/* End XCConfigurationList section */
	};
	rootObject = 5BB04B1826EDA3C1006E92B1 /* Project object */;
}
